{
  "version": 4,
  "terraform_version": "1.3.7",
  "serial": 309,
  "lineage": "20576b0d-5898-d241-b21a-a752e67c7ad2",
  "outputs": {
    "public_ip_address": {
      "value": "4.205.13.15",
      "type": "string"
    },
    "resource_group_name": {
      "value": "Capstone_project",
      "type": "string"
    }
  },
  "resources": [
    {
      "mode": "managed",
      "type": "azurerm_linux_virtual_machine",
      "name": "nginx",
      "provider": "provider[\"registry.terraform.io/hashicorp/azurerm\"]",
      "instances": [
        {
          "schema_version": 0,
          "attributes": {
            "additional_capabilities": [],
            "admin_password": "Admin123!",
            "admin_ssh_key": [],
            "admin_username": "webadmin",
            "allow_extension_operations": true,
            "availability_set_id": "",
            "boot_diagnostics": [],
            "capacity_reservation_group_id": "",
            "computer_name": "websvr01",
            "custom_data": "IyEvYmluL2Jhc2gNCiNJbnN0YWxsaW5nIERvY2tlcg0Kc3VkbyBhcHQtZ2V0IHJlbW92ZSBkb2NrZXIgZG9ja2VyLWVuZ2luZSBkb2NrZXIuaW8NCnN1ZG8gYXB0LWdldCB1cGRhdGUNCnN1ZG8gYXB0LWdldCBpbnN0YWxsIC15IFwNCmFwdC10cmFuc3BvcnQtaHR0cHMgXA0KY2EtY2VydGlmaWNhdGVzIFwNCmN1cmwgXA0Kc29mdHdhcmUtcHJvcGVydGllcy1jb21tb24NCmN1cmwgLWZzU0wgaHR0cHM6Ly9kb3dubG9hZC5kb2NrZXIuY29tL2xpbnV4L3VidW50dS9ncGcgfCBzdWRvIGFwdC1rZXkgYWRkIC0NCnN1ZG8gYXB0LWtleSBmaW5nZXJwcmludCAwRUJGQ0Q4OA0Kc3VkbyBhZGQtYXB0LXJlcG9zaXRvcnkgXA0KImRlYiBbYXJjaD1hbWQ2NF0gaHR0cHM6Ly9kb3dubG9hZC5kb2NrZXIuY29tL2xpbnV4L3VidW50dSBcDQokKGxzYl9yZWxlYXNlIC1jcykgXA0Kc3RhYmxlIg0Kc3VkbyBhcHQtZ2V0IHVwZGF0ZQ0Kc3VkbyBhcHQtZ2V0IGluc3RhbGwgZG9ja2VyLWNlIC15DQpzdWRvIHVzZXJtb2QgLWEgLUcgZG9ja2VyICRVU0VSDQpzdWRvIHN5c3RlbWN0bCBlbmFibGUgZG9ja2VyDQpzdWRvIHN5c3RlbWN0bCByZXN0YXJ0IGRvY2tlcg0Kc3VkbyBta2RpciAvcm9vdC9uZ2lueC1zdGFnaW5nDQpjZCAvcm9vdC9uZ2lueC1zdGFnaW5nDQpzdWRvIGdpdCBjbG9uZSBodHRwczovL2dpdGh1Yi5jb20vTExBQ0hJQ0EvQXp1cmVXZWJTZXJ2ZXIuZ2l0DQpjZCAvcm9vdC9uZ2lueC1zdGFnaW5nL0F6dXJlV2ViU2VydmVyDQpzdWRvIGN1cmwgLUwgaHR0cHM6Ly9naXRodWIuY29tL2RvY2tlci9jb21wb3NlL3JlbGVhc2VzL2Rvd25sb2FkLzEuMjkuMi9kb2NrZXItY29tcG9zZS1gdW5hbWUgLXNgLWB1bmFtZSAtbWAgLW8gL3Vzci9sb2NhbC9iaW4vZG9ja2VyLWNvbXBvc2UNCnN1ZG8gY2htb2QgK3ggL3Vzci9sb2NhbC9iaW4vZG9ja2VyLWNvbXBvc2UNCnN1ZG8gZG9ja2VyLWNvbXBvc2UgdXAgLWQNCiNJUF9BRERSRVNTPSQoaG9zdG5hbWUgLWkpDQojZG9ja2VyIGJ1aWxkIC0tYnVpbGQtYXJnIElQX0FERFJFU1M9JElQX0FERFJFU1MgLXQgbXktbmdpbngtd2Vic2l0ZSAuDQojc3VkbyBkb2NrZXIgcnVuIC0tbmFtZSBkb2NrZXItbmdpbnggLXAgODA6ODAgbXktbmdpbngtd2Vic2l0ZQ0KI3N1ZG8gYXQgbm93ICsgNSBtaW51dGVzIC1mIC9yb290L3NxbF9jcmVhdGUuc2ggPiBvdXRwdXQudHh0IDI+JjENCg0Kc3VkbyBjcCAuL3NjcmlwdHMvc3FsX2NyZWF0ZS5zaCAvcm9vdC8gJiYgY2htb2QgNzU1IC9yb290L3NxbF9jcmVhdGUuc2gNCnN1ZG8gL3Jvb3Qvc3FsX2NyZWF0ZS5zaCA+IG91dHB1dC50eHQgMj4mMQ0KDQo=",
            "dedicated_host_group_id": "",
            "dedicated_host_id": "",
            "disable_password_authentication": false,
            "edge_zone": "",
            "encryption_at_host_enabled": false,
            "eviction_policy": "",
            "extensions_time_budget": "PT1H30M",
            "gallery_application": [],
            "id": "/subscriptions/f219bbdf-ff8b-4e04-8708-87908ff5e410/resourceGroups/Capstone_project/providers/Microsoft.Compute/virtualMachines/nginx-webserver",
            "identity": [],
            "license_type": "",
            "location": "canadacentral",
            "max_bid_price": -1,
            "name": "nginx-webserver",
            "network_interface_ids": [
              "/subscriptions/f219bbdf-ff8b-4e04-8708-87908ff5e410/resourceGroups/Capstone_project/providers/Microsoft.Network/networkInterfaces/webserver-nic"
            ],
            "os_disk": [
              {
                "caching": "ReadWrite",
                "diff_disk_settings": [],
                "disk_encryption_set_id": "",
                "disk_size_gb": 30,
                "name": "websvr01_disk1",
                "secure_vm_disk_encryption_set_id": "",
                "security_encryption_type": "",
                "storage_account_type": "Standard_LRS",
                "write_accelerator_enabled": false
              }
            ],
            "patch_assessment_mode": "ImageDefault",
            "patch_mode": "ImageDefault",
            "plan": [],
            "platform_fault_domain": -1,
            "priority": "Regular",
            "private_ip_address": "10.0.1.4",
            "private_ip_addresses": [
              "10.0.1.4"
            ],
            "provision_vm_agent": true,
            "proximity_placement_group_id": "",
            "public_ip_address": "4.205.13.15",
            "public_ip_addresses": [
              "4.205.13.15"
            ],
            "resource_group_name": "Capstone_project",
            "secret": [],
            "secure_boot_enabled": false,
            "size": "Standard_B1s",
            "source_image_id": "",
            "source_image_reference": [
              {
                "offer": "UbuntuServer",
                "publisher": "Canonical",
                "sku": "18.04-LTS",
                "version": "latest"
              }
            ],
            "tags": {
              "owner": "Group C",
              "title": "Capstone 3384-2"
            },
            "termination_notification": null,
            "timeouts": null,
            "user_data": "",
            "virtual_machine_id": "1381c1e5-2527-48f6-94fa-e3962a723004",
            "virtual_machine_scale_set_id": "",
            "vtpm_enabled": false,
            "zone": ""
          },
          "sensitive_attributes": [],
          "private": "eyJlMmJmYjczMC1lY2FhLTExZTYtOGY4OC0zNDM2M2JjN2M0YzAiOnsiY3JlYXRlIjoyNzAwMDAwMDAwMDAwLCJkZWxldGUiOjI3MDAwMDAwMDAwMDAsInJlYWQiOjMwMDAwMDAwMDAwMCwidXBkYXRlIjoyNzAwMDAwMDAwMDAwfX0=",
          "dependencies": [
            "azurerm_network_interface.webserver_NIC",
            "azurerm_public_ip.webserver_public_ip",
            "azurerm_resource_group.webserver",
            "azurerm_subnet.webserver_subnet1",
            "azurerm_virtual_network.webserver_vnet"
          ]
        }
      ]
    },
    {
      "mode": "managed",
      "type": "azurerm_network_interface",
      "name": "webserver_NIC",
      "provider": "provider[\"registry.terraform.io/hashicorp/azurerm\"]",
      "instances": [
        {
          "schema_version": 0,
          "attributes": {
            "applied_dns_servers": [],
            "dns_servers": [],
            "edge_zone": "",
            "enable_accelerated_networking": false,
            "enable_ip_forwarding": false,
            "id": "/subscriptions/f219bbdf-ff8b-4e04-8708-87908ff5e410/resourceGroups/Capstone_project/providers/Microsoft.Network/networkInterfaces/webserver-nic",
            "internal_dns_name_label": "",
            "internal_domain_name_suffix": "i5jckqudsxieph43elg0mo4l5b.ux.internal.cloudapp.net",
            "ip_configuration": [
              {
                "gateway_load_balancer_frontend_ip_configuration_id": "",
                "name": "internal",
                "primary": true,
                "private_ip_address": "10.0.1.4",
                "private_ip_address_allocation": "Dynamic",
                "private_ip_address_version": "IPv4",
                "public_ip_address_id": "/subscriptions/f219bbdf-ff8b-4e04-8708-87908ff5e410/resourceGroups/Capstone_project/providers/Microsoft.Network/publicIPAddresses/PublicIP",
                "subnet_id": "/subscriptions/f219bbdf-ff8b-4e04-8708-87908ff5e410/resourceGroups/Capstone_project/providers/Microsoft.Network/virtualNetworks/nginx_vnet/subnets/SubnetInt1"
              }
            ],
            "location": "canadacentral",
            "mac_address": "",
            "name": "webserver-nic",
            "private_ip_address": "10.0.1.4",
            "private_ip_addresses": [
              "10.0.1.4"
            ],
            "resource_group_name": "Capstone_project",
            "tags": {
              "owner": "Group C",
              "title": "Capstone 3384-2"
            },
            "timeouts": null,
            "virtual_machine_id": ""
          },
          "sensitive_attributes": [],
          "private": "eyJlMmJmYjczMC1lY2FhLTExZTYtOGY4OC0zNDM2M2JjN2M0YzAiOnsiY3JlYXRlIjoxODAwMDAwMDAwMDAwLCJkZWxldGUiOjE4MDAwMDAwMDAwMDAsInJlYWQiOjMwMDAwMDAwMDAwMCwidXBkYXRlIjoxODAwMDAwMDAwMDAwfX0=",
          "dependencies": [
            "azurerm_public_ip.webserver_public_ip",
            "azurerm_resource_group.webserver",
            "azurerm_subnet.webserver_subnet1",
            "azurerm_virtual_network.webserver_vnet"
          ]
        }
      ]
    },
    {
      "mode": "managed",
      "type": "azurerm_network_security_group",
      "name": "allowedports",
      "provider": "provider[\"registry.terraform.io/hashicorp/azurerm\"]",
      "instances": [
        {
          "schema_version": 0,
          "attributes": {
            "id": "/subscriptions/f219bbdf-ff8b-4e04-8708-87908ff5e410/resourceGroups/Capstone_project/providers/Microsoft.Network/networkSecurityGroups/allowedports",
            "location": "canadacentral",
            "name": "allowedports",
            "resource_group_name": "Capstone_project",
            "security_rule": [
              {
                "access": "Allow",
                "description": "",
                "destination_address_prefix": "*",
                "destination_address_prefixes": [],
                "destination_application_security_group_ids": [],
                "destination_port_range": "22",
                "destination_port_ranges": [],
                "direction": "Inbound",
                "name": "ssh",
                "priority": 300,
                "protocol": "Tcp",
                "source_address_prefix": "*",
                "source_address_prefixes": [],
                "source_application_security_group_ids": [],
                "source_port_range": "*",
                "source_port_ranges": []
              },
              {
                "access": "Allow",
                "description": "",
                "destination_address_prefix": "*",
                "destination_address_prefixes": [],
                "destination_application_security_group_ids": [],
                "destination_port_range": "443",
                "destination_port_ranges": [],
                "direction": "Inbound",
                "name": "https",
                "priority": 200,
                "protocol": "Tcp",
                "source_address_prefix": "*",
                "source_address_prefixes": [],
                "source_application_security_group_ids": [],
                "source_port_range": "*",
                "source_port_ranges": []
              },
              {
                "access": "Allow",
                "description": "",
                "destination_address_prefix": "*",
                "destination_address_prefixes": [],
                "destination_application_security_group_ids": [],
                "destination_port_range": "80",
                "destination_port_ranges": [],
                "direction": "Inbound",
                "name": "http",
                "priority": 100,
                "protocol": "Tcp",
                "source_address_prefix": "*",
                "source_address_prefixes": [],
                "source_application_security_group_ids": [],
                "source_port_range": "*",
                "source_port_ranges": []
              }
            ],
            "tags": null,
            "timeouts": null
          },
          "sensitive_attributes": [],
          "private": "eyJlMmJmYjczMC1lY2FhLTExZTYtOGY4OC0zNDM2M2JjN2M0YzAiOnsiY3JlYXRlIjoxODAwMDAwMDAwMDAwLCJkZWxldGUiOjE4MDAwMDAwMDAwMDAsInJlYWQiOjMwMDAwMDAwMDAwMCwidXBkYXRlIjoxODAwMDAwMDAwMDAwfX0=",
          "dependencies": [
            "azurerm_resource_group.webserver"
          ]
        }
      ]
    },
    {
      "mode": "managed",
      "type": "azurerm_public_ip",
      "name": "webserver_public_ip",
      "provider": "provider[\"registry.terraform.io/hashicorp/azurerm\"]",
      "instances": [
        {
          "schema_version": 0,
          "attributes": {
            "allocation_method": "Dynamic",
            "ddos_protection_mode": "VirtualNetworkInherited",
            "ddos_protection_plan_id": null,
            "domain_name_label": "hamza-gym",
            "edge_zone": "",
            "fqdn": "hamza-gym.canadacentral.cloudapp.azure.com",
            "id": "/subscriptions/f219bbdf-ff8b-4e04-8708-87908ff5e410/resourceGroups/Capstone_project/providers/Microsoft.Network/publicIPAddresses/PublicIP",
            "idle_timeout_in_minutes": 4,
            "ip_address": "",
            "ip_tags": null,
            "ip_version": "IPv4",
            "location": "canadacentral",
            "name": "PublicIP",
            "public_ip_prefix_id": null,
            "resource_group_name": "Capstone_project",
            "reverse_fqdn": "",
            "sku": "Basic",
            "sku_tier": "Regional",
            "tags": {
              "owner": "Group C",
              "title": "Capstone 3384-2"
            },
            "timeouts": null,
            "zones": null
          },
          "sensitive_attributes": [],
          "private": "eyJlMmJmYjczMC1lY2FhLTExZTYtOGY4OC0zNDM2M2JjN2M0YzAiOnsiY3JlYXRlIjoxODAwMDAwMDAwMDAwLCJkZWxldGUiOjE4MDAwMDAwMDAwMDAsInJlYWQiOjMwMDAwMDAwMDAwMCwidXBkYXRlIjoxODAwMDAwMDAwMDAwfX0=",
          "dependencies": [
            "azurerm_resource_group.webserver"
          ]
        }
      ]
    },
    {
      "mode": "managed",
      "type": "azurerm_resource_group",
      "name": "webserver",
      "provider": "provider[\"registry.terraform.io/hashicorp/azurerm\"]",
      "instances": [
        {
          "schema_version": 0,
          "attributes": {
            "id": "/subscriptions/f219bbdf-ff8b-4e04-8708-87908ff5e410/resourceGroups/Capstone_project",
            "location": "canadacentral",
            "name": "Capstone_project",
            "tags": null,
            "timeouts": null
          },
          "sensitive_attributes": [],
          "private": "eyJlMmJmYjczMC1lY2FhLTExZTYtOGY4OC0zNDM2M2JjN2M0YzAiOnsiY3JlYXRlIjo1NDAwMDAwMDAwMDAwLCJkZWxldGUiOjU0MDAwMDAwMDAwMDAsInJlYWQiOjMwMDAwMDAwMDAwMCwidXBkYXRlIjo1NDAwMDAwMDAwMDAwfX0="
        }
      ]
    },
    {
      "mode": "managed",
      "type": "azurerm_subnet",
      "name": "webserver_subnet1",
      "provider": "provider[\"registry.terraform.io/hashicorp/azurerm\"]",
      "instances": [
        {
          "schema_version": 0,
          "attributes": {
            "address_prefixes": [
              "10.0.1.0/24"
            ],
            "delegation": [],
            "enforce_private_link_endpoint_network_policies": false,
            "enforce_private_link_service_network_policies": false,
            "id": "/subscriptions/f219bbdf-ff8b-4e04-8708-87908ff5e410/resourceGroups/Capstone_project/providers/Microsoft.Network/virtualNetworks/nginx_vnet/subnets/SubnetInt1",
            "name": "SubnetInt1",
            "private_endpoint_network_policies_enabled": true,
            "private_link_service_network_policies_enabled": true,
            "resource_group_name": "Capstone_project",
            "service_endpoint_policy_ids": null,
            "service_endpoints": null,
            "timeouts": null,
            "virtual_network_name": "nginx_vnet"
          },
          "sensitive_attributes": [],
          "private": "eyJlMmJmYjczMC1lY2FhLTExZTYtOGY4OC0zNDM2M2JjN2M0YzAiOnsiY3JlYXRlIjoxODAwMDAwMDAwMDAwLCJkZWxldGUiOjE4MDAwMDAwMDAwMDAsInJlYWQiOjMwMDAwMDAwMDAwMCwidXBkYXRlIjoxODAwMDAwMDAwMDAwfX0=",
          "dependencies": [
            "azurerm_resource_group.webserver",
            "azurerm_virtual_network.webserver_vnet"
          ]
        }
      ]
    },
    {
      "mode": "managed",
      "type": "azurerm_virtual_network",
      "name": "webserver_vnet",
      "provider": "provider[\"registry.terraform.io/hashicorp/azurerm\"]",
      "instances": [
        {
          "schema_version": 0,
          "attributes": {
            "address_space": [
              "10.0.0.0/16"
            ],
            "bgp_community": "",
            "ddos_protection_plan": [],
            "dns_servers": [],
            "edge_zone": "",
            "flow_timeout_in_minutes": 0,
            "guid": "4225d247-9583-47d0-9fdd-22cda63bcbf9",
            "id": "/subscriptions/f219bbdf-ff8b-4e04-8708-87908ff5e410/resourceGroups/Capstone_project/providers/Microsoft.Network/virtualNetworks/nginx_vnet",
            "location": "canadacentral",
            "name": "nginx_vnet",
            "resource_group_name": "Capstone_project",
            "subnet": [],
            "tags": null,
            "timeouts": null
          },
          "sensitive_attributes": [],
          "private": "eyJlMmJmYjczMC1lY2FhLTExZTYtOGY4OC0zNDM2M2JjN2M0YzAiOnsiY3JlYXRlIjoxODAwMDAwMDAwMDAwLCJkZWxldGUiOjE4MDAwMDAwMDAwMDAsInJlYWQiOjMwMDAwMDAwMDAwMCwidXBkYXRlIjoxODAwMDAwMDAwMDAwfX0=",
          "dependencies": [
            "azurerm_resource_group.webserver"
          ]
        }
      ]
    }
  ],
  "check_results": null
}
